// !$*UTF8*$!
{
	archiveVersion = 1;
	classes = {
	};
	objectVersion = 51;
	objects = {

/* Begin PBXBuildFile section */
		CC2DF1CC7635D48276AC0AC1 /* Pods_Demo_MVP.framework in Frameworks */ = {isa = PBXBuildFile; fileRef = BCA30F7B7B35367BB886FAC3 /* Pods_Demo_MVP.framework */; };
		DB082AB02577B5D1002F1E74 /* ProgressView.swift in Sources */ = {isa = PBXBuildFile; fileRef = DB082AAE2577B5D1002F1E74 /* ProgressView.swift */; };
		DB082AB12577B5D1002F1E74 /* ProgressView.xib in Resources */ = {isa = PBXBuildFile; fileRef = DB082AAF2577B5D1002F1E74 /* ProgressView.xib */; };
		DB13531425744E6E009B5A75 /* UIViewController+Ex.swift in Sources */ = {isa = PBXBuildFile; fileRef = DB13531325744E6E009B5A75 /* UIViewController+Ex.swift */; };
		DB386F1C256BF6A600ABEAB5 /* QuranVC+TableView.swift in Sources */ = {isa = PBXBuildFile; fileRef = DB386F1B256BF6A600ABEAB5 /* QuranVC+TableView.swift */; };
		DB386F20256BF6E900ABEAB5 /* QuranResponse.swift in Sources */ = {isa = PBXBuildFile; fileRef = DB386F1F256BF6E900ABEAB5 /* QuranResponse.swift */; };
		DB386F24256BF73B00ABEAB5 /* QuranCell.swift in Sources */ = {isa = PBXBuildFile; fileRef = DB386F23256BF73B00ABEAB5 /* QuranCell.swift */; };
		DB386F28256BF7CA00ABEAB5 /* Protocols.swift in Sources */ = {isa = PBXBuildFile; fileRef = DB386F27256BF7CA00ABEAB5 /* Protocols.swift */; };
		DB386F2B256BFB4300ABEAB5 /* QuranPresenter.swift in Sources */ = {isa = PBXBuildFile; fileRef = DB386F2A256BFB4300ABEAB5 /* QuranPresenter.swift */; };
		DB386F2F256BFBF500ABEAB5 /* QuranNetwork.swift in Sources */ = {isa = PBXBuildFile; fileRef = DB386F2E256BFBF500ABEAB5 /* QuranNetwork.swift */; };
		DB386F3C256C114C00ABEAB5 /* QuranDetailsVC.swift in Sources */ = {isa = PBXBuildFile; fileRef = DB386F3B256C114C00ABEAB5 /* QuranDetailsVC.swift */; };
		DB4A9ECC2576E4130052FFDF /* LoginPresenter.swift in Sources */ = {isa = PBXBuildFile; fileRef = DB4A9ECB2576E4130052FFDF /* LoginPresenter.swift */; };
		DB4A9ECF2576E4210052FFDF /* LoginProtocol.swift in Sources */ = {isa = PBXBuildFile; fileRef = DB4A9ECE2576E4210052FFDF /* LoginProtocol.swift */; };
		DB4A9ED22576E5DA0052FFDF /* String+EXt.swift in Sources */ = {isa = PBXBuildFile; fileRef = DB4A9ED12576E5DA0052FFDF /* String+EXt.swift */; };
		DB4A9ED62576E6DD0052FFDF /* ErrorMessages.swift in Sources */ = {isa = PBXBuildFile; fileRef = DB4A9ED52576E6DD0052FFDF /* ErrorMessages.swift */; };
		DB4A9ED92576E9600052FFDF /* Validation.swift in Sources */ = {isa = PBXBuildFile; fileRef = DB4A9ED82576E9600052FFDF /* Validation.swift */; };
		DB57182A2578E80300ADDC75 /* QuranDetailsDataPresenter.swift in Sources */ = {isa = PBXBuildFile; fileRef = DB5718292578E80300ADDC75 /* QuranDetailsDataPresenter.swift */; };
		DB5718302578F03B00ADDC75 /* QuranDetailsProtocol.swift in Sources */ = {isa = PBXBuildFile; fileRef = DB57182F2578F03B00ADDC75 /* QuranDetailsProtocol.swift */; };
		DB654A662576E1B50080AB92 /* LoginVC.swift in Sources */ = {isa = PBXBuildFile; fileRef = DB654A642576E1B50080AB92 /* LoginVC.swift */; };
		DB654A672576E1B50080AB92 /* LoginVC.xib in Resources */ = {isa = PBXBuildFile; fileRef = DB654A652576E1B50080AB92 /* LoginVC.xib */; };
		DB654A6A2576E33B0080AB92 /* Login+View.swift in Sources */ = {isa = PBXBuildFile; fileRef = DB654A692576E33B0080AB92 /* Login+View.swift */; };
		DBA82D49256BF5530006EDE0 /* AppDelegate.swift in Sources */ = {isa = PBXBuildFile; fileRef = DBA82D48256BF5530006EDE0 /* AppDelegate.swift */; };
		DBA82D4D256BF5530006EDE0 /* QuranVC.swift in Sources */ = {isa = PBXBuildFile; fileRef = DBA82D4C256BF5530006EDE0 /* QuranVC.swift */; };
		DBA82D52256BF5540006EDE0 /* Assets.xcassets in Resources */ = {isa = PBXBuildFile; fileRef = DBA82D51256BF5540006EDE0 /* Assets.xcassets */; };
		DBA82D55256BF5540006EDE0 /* LaunchScreen.storyboard in Resources */ = {isa = PBXBuildFile; fileRef = DBA82D53256BF5540006EDE0 /* LaunchScreen.storyboard */; };
/* End PBXBuildFile section */

/* Begin PBXFileReference section */
		146D9CF8AA74A2D9953E5BBA /* Pods-Demo MVP.debug.xcconfig */ = {isa = PBXFileReference; includeInIndex = 1; lastKnownFileType = text.xcconfig; name = "Pods-Demo MVP.debug.xcconfig"; path = "Target Support Files/Pods-Demo MVP/Pods-Demo MVP.debug.xcconfig"; sourceTree = "<group>"; };
		3B2F859487BF1E4D91994658 /* Pods-Demo MVP.release.xcconfig */ = {isa = PBXFileReference; includeInIndex = 1; lastKnownFileType = text.xcconfig; name = "Pods-Demo MVP.release.xcconfig"; path = "Target Support Files/Pods-Demo MVP/Pods-Demo MVP.release.xcconfig"; sourceTree = "<group>"; };
		BCA30F7B7B35367BB886FAC3 /* Pods_Demo_MVP.framework */ = {isa = PBXFileReference; explicitFileType = wrapper.framework; includeInIndex = 0; path = Pods_Demo_MVP.framework; sourceTree = BUILT_PRODUCTS_DIR; };
		DB082AAE2577B5D1002F1E74 /* ProgressView.swift */ = {isa = PBXFileReference; lastKnownFileType = sourcecode.swift; path = ProgressView.swift; sourceTree = "<group>"; };
		DB082AAF2577B5D1002F1E74 /* ProgressView.xib */ = {isa = PBXFileReference; lastKnownFileType = file.xib; path = ProgressView.xib; sourceTree = "<group>"; };
		DB13531325744E6E009B5A75 /* UIViewController+Ex.swift */ = {isa = PBXFileReference; lastKnownFileType = sourcecode.swift; path = "UIViewController+Ex.swift"; sourceTree = "<group>"; };
		DB386F1B256BF6A600ABEAB5 /* QuranVC+TableView.swift */ = {isa = PBXFileReference; lastKnownFileType = sourcecode.swift; path = "QuranVC+TableView.swift"; sourceTree = "<group>"; };
		DB386F1F256BF6E900ABEAB5 /* QuranResponse.swift */ = {isa = PBXFileReference; lastKnownFileType = sourcecode.swift; path = QuranResponse.swift; sourceTree = "<group>"; };
		DB386F23256BF73B00ABEAB5 /* QuranCell.swift */ = {isa = PBXFileReference; lastKnownFileType = sourcecode.swift; path = QuranCell.swift; sourceTree = "<group>"; };
		DB386F27256BF7CA00ABEAB5 /* Protocols.swift */ = {isa = PBXFileReference; lastKnownFileType = sourcecode.swift; path = Protocols.swift; sourceTree = "<group>"; };
		DB386F2A256BFB4300ABEAB5 /* QuranPresenter.swift */ = {isa = PBXFileReference; lastKnownFileType = sourcecode.swift; path = QuranPresenter.swift; sourceTree = "<group>"; };
		DB386F2E256BFBF500ABEAB5 /* QuranNetwork.swift */ = {isa = PBXFileReference; lastKnownFileType = sourcecode.swift; path = QuranNetwork.swift; sourceTree = "<group>"; };
		DB386F3B256C114C00ABEAB5 /* QuranDetailsVC.swift */ = {isa = PBXFileReference; lastKnownFileType = sourcecode.swift; path = QuranDetailsVC.swift; sourceTree = "<group>"; };
		DB4A9ECB2576E4130052FFDF /* LoginPresenter.swift */ = {isa = PBXFileReference; lastKnownFileType = sourcecode.swift; path = LoginPresenter.swift; sourceTree = "<group>"; };
		DB4A9ECE2576E4210052FFDF /* LoginProtocol.swift */ = {isa = PBXFileReference; lastKnownFileType = sourcecode.swift; path = LoginProtocol.swift; sourceTree = "<group>"; };
		DB4A9ED12576E5DA0052FFDF /* String+EXt.swift */ = {isa = PBXFileReference; lastKnownFileType = sourcecode.swift; path = "String+EXt.swift"; sourceTree = "<group>"; };
		DB4A9ED52576E6DD0052FFDF /* ErrorMessages.swift */ = {isa = PBXFileReference; lastKnownFileType = sourcecode.swift; path = ErrorMessages.swift; sourceTree = "<group>"; };
		DB4A9ED82576E9600052FFDF /* Validation.swift */ = {isa = PBXFileReference; lastKnownFileType = sourcecode.swift; path = Validation.swift; sourceTree = "<group>"; };
		DB5718292578E80300ADDC75 /* QuranDetailsDataPresenter.swift */ = {isa = PBXFileReference; lastKnownFileType = sourcecode.swift; path = QuranDetailsDataPresenter.swift; sourceTree = "<group>"; };
		DB57182F2578F03B00ADDC75 /* QuranDetailsProtocol.swift */ = {isa = PBXFileReference; lastKnownFileType = sourcecode.swift; path = QuranDetailsProtocol.swift; sourceTree = "<group>"; };
		DB654A642576E1B50080AB92 /* LoginVC.swift */ = {isa = PBXFileReference; lastKnownFileType = sourcecode.swift; path = LoginVC.swift; sourceTree = "<group>"; };
		DB654A652576E1B50080AB92 /* LoginVC.xib */ = {isa = PBXFileReference; lastKnownFileType = file.xib; path = LoginVC.xib; sourceTree = "<group>"; };
		DB654A692576E33B0080AB92 /* Login+View.swift */ = {isa = PBXFileReference; lastKnownFileType = sourcecode.swift; path = "Login+View.swift"; sourceTree = "<group>"; };
		DBA82D45256BF5530006EDE0 /* Demo MVP.app */ = {isa = PBXFileReference; explicitFileType = wrapper.application; includeInIndex = 0; path = "Demo MVP.app"; sourceTree = BUILT_PRODUCTS_DIR; };
		DBA82D48256BF5530006EDE0 /* AppDelegate.swift */ = {isa = PBXFileReference; lastKnownFileType = sourcecode.swift; path = AppDelegate.swift; sourceTree = "<group>"; };
		DBA82D4C256BF5530006EDE0 /* QuranVC.swift */ = {isa = PBXFileReference; lastKnownFileType = sourcecode.swift; path = QuranVC.swift; sourceTree = "<group>"; };
		DBA82D51256BF5540006EDE0 /* Assets.xcassets */ = {isa = PBXFileReference; lastKnownFileType = folder.assetcatalog; path = Assets.xcassets; sourceTree = "<group>"; };
		DBA82D54256BF5540006EDE0 /* Base */ = {isa = PBXFileReference; lastKnownFileType = file.storyboard; name = Base; path = Base.lproj/LaunchScreen.storyboard; sourceTree = "<group>"; };
		DBA82D56256BF5540006EDE0 /* Info.plist */ = {isa = PBXFileReference; lastKnownFileType = text.plist.xml; path = Info.plist; sourceTree = "<group>"; };
/* End PBXFileReference section */

/* Begin PBXFrameworksBuildPhase section */
		DBA82D42256BF5530006EDE0 /* Frameworks */ = {
			isa = PBXFrameworksBuildPhase;
			buildActionMask = 2147483647;
			files = (
				CC2DF1CC7635D48276AC0AC1 /* Pods_Demo_MVP.framework in Frameworks */,
			);
			runOnlyForDeploymentPostprocessing = 0;
		};
/* End PBXFrameworksBuildPhase section */

/* Begin PBXGroup section */
		522936F7E0389CE9C7EDC314 /* Pods */ = {
			isa = PBXGroup;
			children = (
				146D9CF8AA74A2D9953E5BBA /* Pods-Demo MVP.debug.xcconfig */,
				3B2F859487BF1E4D91994658 /* Pods-Demo MVP.release.xcconfig */,
			);
			path = Pods;
			sourceTree = "<group>";
		};
		DB082AAD2577B5B9002F1E74 /* Progress */ = {
			isa = PBXGroup;
			children = (
				DB082AAE2577B5D1002F1E74 /* ProgressView.swift */,
				DB082AAF2577B5D1002F1E74 /* ProgressView.xib */,
			);
			path = Progress;
			sourceTree = "<group>";
		};
		DB13531225744E0B009B5A75 /* Extenstions */ = {
			isa = PBXGroup;
			children = (
				DB13531325744E6E009B5A75 /* UIViewController+Ex.swift */,
				DB4A9ED12576E5DA0052FFDF /* String+EXt.swift */,
			);
			path = Extenstions;
			sourceTree = "<group>";
		};
		DB386F14256BF60C00ABEAB5 /* Scenes */ = {
			isa = PBXGroup;
			children = (
				DB654A632576E1A10080AB92 /* Login */,
				DB386F3A256C10B200ABEAB5 /* QuranInfo */,
				DB386F15256BF61700ABEAB5 /* Quran */,
			);
			path = Scenes;
			sourceTree = "<group>";
		};
		DB386F15256BF61700ABEAB5 /* Quran */ = {
			isa = PBXGroup;
			children = (
				DB386F17256BF62A00ABEAB5 /* View */,
				DB386F2E256BFBF500ABEAB5 /* QuranNetwork.swift */,
				DB386F27256BF7CA00ABEAB5 /* Protocols.swift */,
				DB386F2A256BFB4300ABEAB5 /* QuranPresenter.swift */,
			);
			path = Quran;
			sourceTree = "<group>";
		};
		DB386F16256BF62100ABEAB5 /* Models */ = {
			isa = PBXGroup;
			children = (
				DB5718372579030900ADDC75 /* QuranResponse */,
			);
			path = Models;
			sourceTree = "<group>";
		};
		DB386F17256BF62A00ABEAB5 /* View */ = {
			isa = PBXGroup;
			children = (
				DBA82D4C256BF5530006EDE0 /* QuranVC.swift */,
				DB386F1B256BF6A600ABEAB5 /* QuranVC+TableView.swift */,
			);
			path = View;
			sourceTree = "<group>";
		};
		DB386F19256BF64200ABEAB5 /* StoryBoard */ = {
			isa = PBXGroup;
			children = (
				DBA82D53256BF5540006EDE0 /* LaunchScreen.storyboard */,
			);
			path = StoryBoard;
			sourceTree = "<group>";
		};
		DB386F22256BF6FB00ABEAB5 /* TableViewCells */ = {
			isa = PBXGroup;
			children = (
				DB386F23256BF73B00ABEAB5 /* QuranCell.swift */,
			);
			path = TableViewCells;
			sourceTree = "<group>";
		};
		DB386F3A256C10B200ABEAB5 /* QuranInfo */ = {
			isa = PBXGroup;
			children = (
				DB57183A2579035E00ADDC75 /* View */,
				DB5718292578E80300ADDC75 /* QuranDetailsDataPresenter.swift */,
				DB57182F2578F03B00ADDC75 /* QuranDetailsProtocol.swift */,
			);
			path = QuranInfo;
			sourceTree = "<group>";
		};
		DB4A9ED42576E6BE0052FFDF /* Helpers */ = {
			isa = PBXGroup;
			children = (
				DB082AAD2577B5B9002F1E74 /* Progress */,
				DB4A9ED52576E6DD0052FFDF /* ErrorMessages.swift */,
				DB4A9ED82576E9600052FFDF /* Validation.swift */,
			);
			path = Helpers;
			sourceTree = "<group>";
		};
		DB5718372579030900ADDC75 /* QuranResponse */ = {
			isa = PBXGroup;
			children = (
				DB386F1F256BF6E900ABEAB5 /* QuranResponse.swift */,
			);
			path = QuranResponse;
			sourceTree = "<group>";
		};
		DB5718392579033600ADDC75 /* CustomViews */ = {
			isa = PBXGroup;
			children = (
				DB386F22256BF6FB00ABEAB5 /* TableViewCells */,
			);
			path = CustomViews;
			sourceTree = "<group>";
		};
		DB57183A2579035E00ADDC75 /* View */ = {
			isa = PBXGroup;
			children = (
				DB386F3B256C114C00ABEAB5 /* QuranDetailsVC.swift */,
			);
			path = View;
			sourceTree = "<group>";
		};
		DB57183B2579037500ADDC75 /* View */ = {
			isa = PBXGroup;
			children = (
				DB654A642576E1B50080AB92 /* LoginVC.swift */,
				DB654A652576E1B50080AB92 /* LoginVC.xib */,
				DB654A692576E33B0080AB92 /* Login+View.swift */,
			);
			path = View;
			sourceTree = "<group>";
		};
		DB654A632576E1A10080AB92 /* Login */ = {
			isa = PBXGroup;
			children = (
				DB57183B2579037500ADDC75 /* View */,
				DB4A9ECB2576E4130052FFDF /* LoginPresenter.swift */,
				DB4A9ECE2576E4210052FFDF /* LoginProtocol.swift */,
			);
			path = Login;
			sourceTree = "<group>";
		};
		DBA82D3C256BF5530006EDE0 = {
			isa = PBXGroup;
			children = (
				DBA82D47256BF5530006EDE0 /* Demo MVP */,
				DBA82D46256BF5530006EDE0 /* Products */,
				522936F7E0389CE9C7EDC314 /* Pods */,
				EE9B6202CE95A5394406478E /* Frameworks */,
			);
			sourceTree = "<group>";
		};
		DBA82D46256BF5530006EDE0 /* Products */ = {
			isa = PBXGroup;
			children = (
				DBA82D45256BF5530006EDE0 /* Demo MVP.app */,
			);
			name = Products;
			sourceTree = "<group>";
		};
		DBA82D47256BF5530006EDE0 /* Demo MVP */ = {
			isa = PBXGroup;
			children = (
				DB4A9ED42576E6BE0052FFDF /* Helpers */,
				DB13531225744E0B009B5A75 /* Extenstions */,
				DBA82D5E256BF5660006EDE0 /* Resources */,
				DBA82D5D256BF55A0006EDE0 /* Core */,
				DB386F19256BF64200ABEAB5 /* StoryBoard */,
				DB5718392579033600ADDC75 /* CustomViews */,
				DB386F16256BF62100ABEAB5 /* Models */,
				DB386F14256BF60C00ABEAB5 /* Scenes */,
			);
			path = "Demo MVP";
			sourceTree = "<group>";
		};
		DBA82D5D256BF55A0006EDE0 /* Core */ = {
			isa = PBXGroup;
			children = (
				DBA82D48256BF5530006EDE0 /* AppDelegate.swift */,
			);
			path = Core;
			sourceTree = "<group>";
		};
		DBA82D5E256BF5660006EDE0 /* Resources */ = {
			isa = PBXGroup;
			children = (
				DBA82D51256BF5540006EDE0 /* Assets.xcassets */,
				DBA82D56256BF5540006EDE0 /* Info.plist */,
			);
			path = Resources;
			sourceTree = "<group>";
		};
		EE9B6202CE95A5394406478E /* Frameworks */ = {
			isa = PBXGroup;
			children = (
				BCA30F7B7B35367BB886FAC3 /* Pods_Demo_MVP.framework */,
			);
			name = Frameworks;
			sourceTree = "<group>";
		};
/* End PBXGroup section */

/* Begin PBXNativeTarget section */
		DBA82D44256BF5530006EDE0 /* Demo MVP */ = {
			isa = PBXNativeTarget;
			buildConfigurationList = DBA82D59256BF5540006EDE0 /* Build configuration list for PBXNativeTarget "Demo MVP" */;
			buildPhases = (
				7EEAF729A1A42FD3A1833B42 /* [CP] Check Pods Manifest.lock */,
				DBA82D41256BF5530006EDE0 /* Sources */,
				DBA82D42256BF5530006EDE0 /* Frameworks */,
				DBA82D43256BF5530006EDE0 /* Resources */,
				8E8582151752490449DAED7C /* [CP] Embed Pods Frameworks */,
			);
			buildRules = (
			);
			dependencies = (
			);
			name = "Demo MVP";
			productName = "Demo MVP";
			productReference = DBA82D45256BF5530006EDE0 /* Demo MVP.app */;
			productType = "com.apple.product-type.application";
		};
/* End PBXNativeTarget section */

/* Begin PBXProject section */
		DBA82D3D256BF5530006EDE0 /* Project object */ = {
			isa = PBXProject;
			attributes = {
				LastSwiftUpdateCheck = 1200;
				LastUpgradeCheck = 1200;
				TargetAttributes = {
					DBA82D44256BF5530006EDE0 = {
						CreatedOnToolsVersion = 12.0.1;
					};
				};
			};
			buildConfigurationList = DBA82D40256BF5530006EDE0 /* Build configuration list for PBXProject "Demo MVP" */;
			compatibilityVersion = "Xcode 9.3";
			developmentRegion = en;
			hasScannedForEncodings = 0;
			knownRegions = (
				en,
				Base,
			);
			mainGroup = DBA82D3C256BF5530006EDE0;
			productRefGroup = DBA82D46256BF5530006EDE0 /* Products */;
			projectDirPath = "";
			projectRoot = "";
			targets = (
				DBA82D44256BF5530006EDE0 /* Demo MVP */,
			);
		};
/* End PBXProject section */

/* Begin PBXResourcesBuildPhase section */
		DBA82D43256BF5530006EDE0 /* Resources */ = {
			isa = PBXResourcesBuildPhase;
			buildActionMask = 2147483647;
			files = (
				DB654A672576E1B50080AB92 /* LoginVC.xib in Resources */,
				DB082AB12577B5D1002F1E74 /* ProgressView.xib in Resources */,
				DBA82D55256BF5540006EDE0 /* LaunchScreen.storyboard in Resources */,
				DBA82D52256BF5540006EDE0 /* Assets.xcassets in Resources */,
			);
			runOnlyForDeploymentPostprocessing = 0;
		};
/* End PBXResourcesBuildPhase section */

/* Begin PBXShellScriptBuildPhase section */
		7EEAF729A1A42FD3A1833B42 /* [CP] Check Pods Manifest.lock */ = {
			isa = PBXShellScriptBuildPhase;
			buildActionMask = 2147483647;
			files = (
			);
			inputFileListPaths = (
			);
			inputPaths = (
				"${PODS_PODFILE_DIR_PATH}/Podfile.lock",
				"${PODS_ROOT}/Manifest.lock",
			);
			name = "[CP] Check Pods Manifest.lock";
			outputFileListPaths = (
			);
			outputPaths = (
				"$(DERIVED_FILE_DIR)/Pods-Demo MVP-checkManifestLockResult.txt",
			);
			runOnlyForDeploymentPostprocessing = 0;
			shellPath = /bin/sh;
			shellScript = "diff \"${PODS_PODFILE_DIR_PATH}/Podfile.lock\" \"${PODS_ROOT}/Manifest.lock\" > /dev/null\nif [ $? != 0 ] ; then\n    # print error to STDERR\n    echo \"error: The sandbox is not in sync with the Podfile.lock. Run 'pod install' or update your CocoaPods installation.\" >&2\n    exit 1\nfi\n# This output is used by Xcode 'outputs' to avoid re-running this script phase.\necho \"SUCCESS\" > \"${SCRIPT_OUTPUT_FILE_0}\"\n";
			showEnvVarsInLog = 0;
		};
		8E8582151752490449DAED7C /* [CP] Embed Pods Frameworks */ = {
			isa = PBXShellScriptBuildPhase;
			buildActionMask = 2147483647;
			files = (
			);
			inputFileListPaths = (
				"${PODS_ROOT}/Target Support Files/Pods-Demo MVP/Pods-Demo MVP-frameworks-${CONFIGURATION}-input-files.xcfilelist",
			);
			name = "[CP] Embed Pods Frameworks";
			outputFileListPaths = (
				"${PODS_ROOT}/Target Support Files/Pods-Demo MVP/Pods-Demo MVP-frameworks-${CONFIGURATION}-output-files.xcfilelist",
			);
			runOnlyForDeploymentPostprocessing = 0;
			shellPath = /bin/sh;
			shellScript = "\"${PODS_ROOT}/Target Support Files/Pods-Demo MVP/Pods-Demo MVP-frameworks.sh\"\n";
			showEnvVarsInLog = 0;
		};
/* End PBXShellScriptBuildPhase section */

/* Begin PBXSourcesBuildPhase section */
		DBA82D41256BF5530006EDE0 /* Sources */ = {
			isa = PBXSourcesBuildPhase;
			buildActionMask = 2147483647;
			files = (
				DB4A9ED62576E6DD0052FFDF /* ErrorMessages.swift in Sources */,
				DB654A662576E1B50080AB92 /* LoginVC.swift in Sources */,
				DB386F20256BF6E900ABEAB5 /* QuranResponse.swift in Sources */,
				DB13531425744E6E009B5A75 /* UIViewController+Ex.swift in Sources */,
				DB4A9ECF2576E4210052FFDF /* LoginProtocol.swift in Sources */,
				DB386F1C256BF6A600ABEAB5 /* QuranVC+TableView.swift in Sources */,
				DB386F28256BF7CA00ABEAB5 /* Protocols.swift in Sources */,
				DB386F3C256C114C00ABEAB5 /* QuranDetailsVC.swift in Sources */,
				DB654A6A2576E33B0080AB92 /* Login+View.swift in Sources */,
				DB4A9ED92576E9600052FFDF /* Validation.swift in Sources */,
				DBA82D4D256BF5530006EDE0 /* QuranVC.swift in Sources */,
				DB5718302578F03B00ADDC75 /* QuranDetailsProtocol.swift in Sources */,
				DB4A9ECC2576E4130052FFDF /* LoginPresenter.swift in Sources */,
				DB386F24256BF73B00ABEAB5 /* QuranCell.swift in Sources */,
				DBA82D49256BF5530006EDE0 /* AppDelegate.swift in Sources */,
				DB386F2F256BFBF500ABEAB5 /* QuranNetwork.swift in Sources */,
				DB386F2B256BFB4300ABEAB5 /* QuranPresenter.swift in Sources */,
				DB4A9ED22576E5DA0052FFDF /* String+EXt.swift in Sources */,
				DB082AB02577B5D1002F1E74 /* ProgressView.swift in Sources */,
				DB57182A2578E80300ADDC75 /* QuranDetailsDataPresenter.swift in Sources */,
			);
			runOnlyForDeploymentPostprocessing = 0;
		};
/* End PBXSourcesBuildPhase section */

/* Begin PBXVariantGroup section */
		DBA82D53256BF5540006EDE0 /* LaunchScreen.storyboard */ = {
			isa = PBXVariantGroup;
			children = (
				DBA82D54256BF5540006EDE0 /* Base */,
			);
			name = LaunchScreen.storyboard;
			sourceTree = "<group>";
		};
/* End PBXVariantGroup section */

/* Begin XCBuildConfiguration section */
		DBA82D57256BF5540006EDE0 /* Debug */ = {
			isa = XCBuildConfiguration;
			buildSettings = {
				ALWAYS_SEARCH_USER_PATHS = NO;
				CLANG_ANALYZER_NONNULL = YES;
				CLANG_ANALYZER_NUMBER_OBJECT_CONVERSION = YES_AGGRESSIVE;
				CLANG_CXX_LANGUAGE_STANDARD = "gnu++14";
				CLANG_CXX_LIBRARY = "libc++";
				CLANG_ENABLE_MODULES = YES;
				CLANG_ENABLE_OBJC_ARC = YES;
				CLANG_ENABLE_OBJC_WEAK = YES;
				CLANG_WARN_BLOCK_CAPTURE_AUTORELEASING = YES;
				CLANG_WARN_BOOL_CONVERSION = YES;
				CLANG_WARN_COMMA = YES;
				CLANG_WARN_CONSTANT_CONVERSION = YES;
				CLANG_WARN_DEPRECATED_OBJC_IMPLEMENTATIONS = YES;
				CLANG_WARN_DIRECT_OBJC_ISA_USAGE = YES_ERROR;
				CLANG_WARN_DOCUMENTATION_COMMENTS = YES;
				CLANG_WARN_EMPTY_BODY = YES;
				CLANG_WARN_ENUM_CONVERSION = YES;
				CLANG_WARN_INFINITE_RECURSION = YES;
				CLANG_WARN_INT_CONVERSION = YES;
				CLANG_WARN_NON_LITERAL_NULL_CONVERSION = YES;
				CLANG_WARN_OBJC_IMPLICIT_RETAIN_SELF = YES;
				CLANG_WARN_OBJC_LITERAL_CONVERSION = YES;
				CLANG_WARN_OBJC_ROOT_CLASS = YES_ERROR;
				CLANG_WARN_QUOTED_INCLUDE_IN_FRAMEWORK_HEADER = YES;
				CLANG_WARN_RANGE_LOOP_ANALYSIS = YES;
				CLANG_WARN_STRICT_PROTOTYPES = YES;
				CLANG_WARN_SUSPICIOUS_MOVE = YES;
				CLANG_WARN_UNGUARDED_AVAILABILITY = YES_AGGRESSIVE;
				CLANG_WARN_UNREACHABLE_CODE = YES;
				CLANG_WARN__DUPLICATE_METHOD_MATCH = YES;
				COPY_PHASE_STRIP = NO;
				DEBUG_INFORMATION_FORMAT = dwarf;
				ENABLE_STRICT_OBJC_MSGSEND = YES;
				ENABLE_TESTABILITY = YES;
				GCC_C_LANGUAGE_STANDARD = gnu11;
				GCC_DYNAMIC_NO_PIC = NO;
				GCC_NO_COMMON_BLOCKS = YES;
				GCC_OPTIMIZATION_LEVEL = 0;
				GCC_PREPROCESSOR_DEFINITIONS = (
					"DEBUG=1",
					"$(inherited)",
				);
				GCC_WARN_64_TO_32_BIT_CONVERSION = YES;
				GCC_WARN_ABOUT_RETURN_TYPE = YES_ERROR;
				GCC_WARN_UNDECLARED_SELECTOR = YES;
				GCC_WARN_UNINITIALIZED_AUTOS = YES_AGGRESSIVE;
				GCC_WARN_UNUSED_FUNCTION = YES;
				GCC_WARN_UNUSED_VARIABLE = YES;
				IPHONEOS_DEPLOYMENT_TARGET = 14.0;
				MTL_ENABLE_DEBUG_INFO = INCLUDE_SOURCE;
				MTL_FAST_MATH = YES;
				ONLY_ACTIVE_ARCH = YES;
				SDKROOT = iphoneos;
				SWIFT_ACTIVE_COMPILATION_CONDITIONS = DEBUG;
				SWIFT_OPTIMIZATION_LEVEL = "-Onone";
			};
			name = Debug;
		};
		DBA82D58256BF5540006EDE0 /* Release */ = {
			isa = XCBuildConfiguration;
			buildSettings = {
				ALWAYS_SEARCH_USER_PATHS = NO;
				CLANG_ANALYZER_NONNULL = YES;
				CLANG_ANALYZER_NUMBER_OBJECT_CONVERSION = YES_AGGRESSIVE;
				CLANG_CXX_LANGUAGE_STANDARD = "gnu++14";
				CLANG_CXX_LIBRARY = "libc++";
				CLANG_ENABLE_MODULES = YES;
				CLANG_ENABLE_OBJC_ARC = YES;
				CLANG_ENABLE_OBJC_WEAK = YES;
				CLANG_WARN_BLOCK_CAPTURE_AUTORELEASING = YES;
				CLANG_WARN_BOOL_CONVERSION = YES;
				CLANG_WARN_COMMA = YES;
				CLANG_WARN_CONSTANT_CONVERSION = YES;
				CLANG_WARN_DEPRECATED_OBJC_IMPLEMENTATIONS = YES;
				CLANG_WARN_DIRECT_OBJC_ISA_USAGE = YES_ERROR;
				CLANG_WARN_DOCUMENTATION_COMMENTS = YES;
				CLANG_WARN_EMPTY_BODY = YES;
				CLANG_WARN_ENUM_CONVERSION = YES;
				CLANG_WARN_INFINITE_RECURSION = YES;
				CLANG_WARN_INT_CONVERSION = YES;
				CLANG_WARN_NON_LITERAL_NULL_CONVERSION = YES;
				CLANG_WARN_OBJC_IMPLICIT_RETAIN_SELF = YES;
				CLANG_WARN_OBJC_LITERAL_CONVERSION = YES;
				CLANG_WARN_OBJC_ROOT_CLASS = YES_ERROR;
				CLANG_WARN_QUOTED_INCLUDE_IN_FRAMEWORK_HEADER = YES;
				CLANG_WARN_RANGE_LOOP_ANALYSIS = YES;
				CLANG_WARN_STRICT_PROTOTYPES = YES;
				CLANG_WARN_SUSPICIOUS_MOVE = YES;
				CLANG_WARN_UNGUARDED_AVAILABILITY = YES_AGGRESSIVE;
				CLANG_WARN_UNREACHABLE_CODE = YES;
				CLANG_WARN__DUPLICATE_METHOD_MATCH = YES;
				COPY_PHASE_STRIP = NO;
				DEBUG_INFORMATION_FORMAT = "dwarf-with-dsym";
				ENABLE_NS_ASSERTIONS = NO;
				ENABLE_STRICT_OBJC_MSGSEND = YES;
				GCC_C_LANGUAGE_STANDARD = gnu11;
				GCC_NO_COMMON_BLOCKS = YES;
				GCC_WARN_64_TO_32_BIT_CONVERSION = YES;
				GCC_WARN_ABOUT_RETURN_TYPE = YES_ERROR;
				GCC_WARN_UNDECLARED_SELECTOR = YES;
				GCC_WARN_UNINITIALIZED_AUTOS = YES_AGGRESSIVE;
				GCC_WARN_UNUSED_FUNCTION = YES;
				GCC_WARN_UNUSED_VARIABLE = YES;
				IPHONEOS_DEPLOYMENT_TARGET = 14.0;
				MTL_ENABLE_DEBUG_INFO = NO;
				MTL_FAST_MATH = YES;
				SDKROOT = iphoneos;
				SWIFT_COMPILATION_MODE = wholemodule;
				SWIFT_OPTIMIZATION_LEVEL = "-O";
				VALIDATE_PRODUCT = YES;
			};
			name = Release;
		};
		DBA82D5A256BF5540006EDE0 /* Debug */ = {
			isa = XCBuildConfiguration;
			baseConfigurationReference = 146D9CF8AA74A2D9953E5BBA /* Pods-Demo MVP.debug.xcconfig */;
			buildSettings = {
				ASSETCATALOG_COMPILER_APPICON_NAME = AppIcon;
				ASSETCATALOG_COMPILER_GLOBAL_ACCENT_COLOR_NAME = AccentColor;
				CODE_SIGN_STYLE = Automatic;
				DEVELOPMENT_TEAM = 87JP2ZZ6RR;
				INFOPLIST_FILE = "$(SRCROOT)/Demo MVP/Resources/Info.plist";
				IPHONEOS_DEPLOYMENT_TARGET = 12.4;
				LD_RUNPATH_SEARCH_PATHS = (
					"$(inherited)",
					"@executable_path/Frameworks",
				);
				PRODUCT_BUNDLE_IDENTIFIER = "mohamed.Sayed.Demo-MVP";
				PRODUCT_NAME = "$(TARGET_NAME)";
				SWIFT_VERSION = 5.0;
				TARGETED_DEVICE_FAMILY = "1,2";
			};
			name = Debug;
		};
		DBA82D5B256BF5540006EDE0 /* Release */ = {
			isa = XCBuildConfiguration;
			baseConfigurationReference = 3B2F859487BF1E4D91994658 /* Pods-Demo MVP.release.xcconfig */;
			buildSettings = {
				ASSETCATALOG_COMPILER_APPICON_NAME = AppIcon;
				ASSETCATALOG_COMPILER_GLOBAL_ACCENT_COLOR_NAME = AccentColor;
				CODE_SIGN_STYLE = Automatic;
				DEVELOPMENT_TEAM = 87JP2ZZ6RR;
				INFOPLIST_FILE = "$(SRCROOT)/Demo MVP/Resources/Info.plist";
				IPHONEOS_DEPLOYMENT_TARGET = 12.4;
				LD_RUNPATH_SEARCH_PATHS = (
					"$(inherited)",
					"@executable_path/Frameworks",
				);
				PRODUCT_BUNDLE_IDENTIFIER = "mohamed.Sayed.Demo-MVP";
				PRODUCT_NAME = "$(TARGET_NAME)";
				SWIFT_VERSION = 5.0;
				TARGETED_DEVICE_FAMILY = "1,2";
			};
			name = Release;
		};
/* End XCBuildConfiguration section */

/* Begin XCConfigurationList section */
		DBA82D40256BF5530006EDE0 /* Build configuration list for PBXProject "Demo MVP" */ = {
			isa = XCConfigurationList;
			buildConfigurations = (
				DBA82D57256BF5540006EDE0 /* Debug */,
				DBA82D58256BF5540006EDE0 /* Release */,
			);
			defaultConfigurationIsVisible = 0;
			defaultConfigurationName = Release;
		};
		DBA82D59256BF5540006EDE0 /* Build configuration list for PBXNativeTarget "Demo MVP" */ = {
			isa = XCConfigurationList;
			buildConfigurations = (
				DBA82D5A256BF5540006EDE0 /* Debug */,
				DBA82D5B256BF5540006EDE0 /* Release */,
			);
			defaultConfigurationIsVisible = 0;
			defaultConfigurationName = Release;
		};
/* End XCConfigurationList section */
	};
	rootObject = DBA82D3D256BF5530006EDE0 /* Project object */;
}
